
Microsoft Visual Studio Solution File, Format Version 12.00
# Visual Studio Version 17
VisualStudioVersion = 17.0.32112.339
MinimumVisualStudioVersion = 10.0.40219.1
Project("{FAE04EC0-301F-11D3-BF4B-00C04F79EFBC}") = "ППШП", "ППШП\ППШП.csproj", "{3B8B57CA-5B10-4474-946E-C4623C56B0DD}"
EndProject
Global
	GlobalSection(SolutionConfigurationPlatforms) = preSolution
		Debug|Any CPU = Debug|Any CPU
		Release|Any CPU = Release|Any CPU
	EndGlobalSection
	GlobalSection(ProjectConfigurationPlatforms) = postSolution
		{3B8B57CA-5B10-4474-946E-C4623C56B0DD}.Debug|Any CPU.ActiveCfg = Debug|Any CPU
		{3B8B57CA-5B10-4474-946E-C4623C56B0DD}.Debug|Any CPU.Build.0 = Debug|Any CPU
		{3B8B57CA-5B10-4474-946E-C4623C56B0DD}.Release|Any CPU.ActiveCfg = Release|Any CPU
		{3B8B57CA-5B10-4474-946E-C4623C56B0DD}.Release|Any CPU.Build.0 = Release|Any CPU
	EndGlobalSection
	GlobalSection(SolutionProperties) = preSolution
		HideSolutionNode = FALSE
	EndGlobalSection
	GlobalSection(ExtensibilityGlobals) = postSolution
		SolutionGuid = {0F3F5849-1854-493C-B9B3-151C556C3307}
	EndGlobalSection
EndGlobal
